
Microsoft Visual Studio Solution File, Format Version 12.00
# Visual Studio Version 17
VisualStudioVersion = 17.11.35222.181
MinimumVisualStudioVersion = 10.0.40219.1
Project("{FAE04EC0-301F-11D3-BF4B-00C04F79EFBC}") = "Week15_OOP", "Week15_OOP\Week15_OOP.csproj", "{318E25BE-415F-4934-B93E-FA9A1DB9CA2E}"
EndProject
Global
	GlobalSection(SolutionConfigurationPlatforms) = preSolution
		Debug|Any CPU = Debug|Any CPU
		Release|Any CPU = Release|Any CPU
	EndGlobalSection
	GlobalSection(ProjectConfigurationPlatforms) = postSolution
		{318E25BE-415F-4934-B93E-FA9A1DB9CA2E}.Debug|Any CPU.ActiveCfg = Debug|Any CPU
		{318E25BE-415F-4934-B93E-FA9A1DB9CA2E}.Debug|Any CPU.Build.0 = Debug|Any CPU
		{318E25BE-415F-4934-B93E-FA9A1DB9CA2E}.Release|Any CPU.ActiveCfg = Release|Any CPU
		{318E25BE-415F-4934-B93E-FA9A1DB9CA2E}.Release|Any CPU.Build.0 = Release|Any CPU
	EndGlobalSection
	GlobalSection(SolutionProperties) = preSolution
		HideSolutionNode = FALSE
	EndGlobalSection
	GlobalSection(ExtensibilityGlobals) = postSolution
		SolutionGuid = {0DD0CF86-5718-440F-AE73-6FA875E3E360}
	EndGlobalSection
EndGlobal
